
Microsoft Visual Studio Solution File, Format Version 12.00
# Visual Studio 14
VisualStudioVersion = 14.0.25123.0
MinimumVisualStudioVersion = 10.0.40219.1
Project("{8BC9CEB8-8B4A-11D0-8D11-00A0C91BC942}") = "Agumon", "Agumon\Agumon.vcxproj", "{3C3915F0-6195-4F51-B24B-CADA2455131C}"
EndProject
Project("{8BC9CEB8-8B4A-11D0-8D11-00A0C91BC942}") = "TestAgumon", "TestAgumon\TestAgumon.vcxproj", "{AA815E83-DFD7-452C-AB78-3E99D4FFB0BA}"
EndProject
Project("{2150E333-8FDC-42A3-9474-1A3956D46DE8}") = "Solution Items", "Solution Items", "{E077CB01-751F-4459-964D-6CDC69C09129}"
	ProjectSection(SolutionItems) = preProject
		README.md = README.md
	EndProjectSection
EndProject
Global
	GlobalSection(SolutionConfigurationPlatforms) = preSolution
		Debug|x64 = Debug|x64
		Debug|x86 = Debug|x86
		Release|x64 = Release|x64
		Release|x86 = Release|x86
	EndGlobalSection
	GlobalSection(ProjectConfigurationPlatforms) = postSolution
		{3C3915F0-6195-4F51-B24B-CADA2455131C}.Debug|x64.ActiveCfg = Debug|x64
		{3C3915F0-6195-4F51-B24B-CADA2455131C}.Debug|x64.Build.0 = Debug|x64
		{3C3915F0-6195-4F51-B24B-CADA2455131C}.Debug|x86.ActiveCfg = Debug|Win32
		{3C3915F0-6195-4F51-B24B-CADA2455131C}.Debug|x86.Build.0 = Debug|Win32
		{3C3915F0-6195-4F51-B24B-CADA2455131C}.Release|x64.ActiveCfg = Release|x64
		{3C3915F0-6195-4F51-B24B-CADA2455131C}.Release|x64.Build.0 = Release|x64
		{3C3915F0-6195-4F51-B24B-CADA2455131C}.Release|x86.ActiveCfg = Release|Win32
		{3C3915F0-6195-4F51-B24B-CADA2455131C}.Release|x86.Build.0 = Release|Win32
		{AA815E83-DFD7-452C-AB78-3E99D4FFB0BA}.Debug|x64.ActiveCfg = Debug|x64
		{AA815E83-DFD7-452C-AB78-3E99D4FFB0BA}.Debug|x64.Build.0 = Debug|x64
		{AA815E83-DFD7-452C-AB78-3E99D4FFB0BA}.Debug|x86.ActiveCfg = Debug|Win32
		{AA815E83-DFD7-452C-AB78-3E99D4FFB0BA}.Debug|x86.Build.0 = Debug|Win32
		{AA815E83-DFD7-452C-AB78-3E99D4FFB0BA}.Release|x64.ActiveCfg = Release|x64
		{AA815E83-DFD7-452C-AB78-3E99D4FFB0BA}.Release|x64.Build.0 = Release|x64
		{AA815E83-DFD7-452C-AB78-3E99D4FFB0BA}.Release|x86.ActiveCfg = Release|Win32
		{AA815E83-DFD7-452C-AB78-3E99D4FFB0BA}.Release|x86.Build.0 = Release|Win32
	EndGlobalSection
	GlobalSection(SolutionProperties) = preSolution
		HideSolutionNode = FALSE
	EndGlobalSection
EndGlobal
